
Microsoft Visual Studio Solution File, Format Version 12.00
# Visual Studio Version 17
VisualStudioVersion = 17.5.002.0
MinimumVisualStudioVersion = 10.0.40219.1
Project("{9A19103F-16F7-4668-BE54-9A1E7A4F7556}") = "InterfaceCsharp", "InterfaceCsharp.csproj", "{351182A9-92CA-44C3-8E34-C701A6114257}"
EndProject
Global
	GlobalSection(SolutionConfigurationPlatforms) = preSolution
		Debug|Any CPU = Debug|Any CPU
		Release|Any CPU = Release|Any CPU
	EndGlobalSection
	GlobalSection(ProjectConfigurationPlatforms) = postSolution
		{351182A9-92CA-44C3-8E34-C701A6114257}.Debug|Any CPU.ActiveCfg = Debug|Any CPU
		{351182A9-92CA-44C3-8E34-C701A6114257}.Debug|Any CPU.Build.0 = Debug|Any CPU
		{351182A9-92CA-44C3-8E34-C701A6114257}.Release|Any CPU.ActiveCfg = Release|Any CPU
		{351182A9-92CA-44C3-8E34-C701A6114257}.Release|Any CPU.Build.0 = Release|Any CPU
	EndGlobalSection
	GlobalSection(SolutionProperties) = preSolution
		HideSolutionNode = FALSE
	EndGlobalSection
	GlobalSection(ExtensibilityGlobals) = postSolution
		SolutionGuid = {2C0A2CA2-9A66-4AAB-A39A-1C72DB0EFC93}
	EndGlobalSection
EndGlobal
